
Microsoft Visual Studio Solution File, Format Version 12.00
# Visual Studio 15
VisualStudioVersion = 15.0.28307.136
MinimumVisualStudioVersion = 10.0.40219.1
Project("{FAE04EC0-301F-11D3-BF4B-00C04F79EFBC}") = "PushBulletSender", "PushBulletSender\PushBulletSender.csproj", "{5DDC95CF-239F-4EA8-B4C2-61DCF515A53C}"
EndProject
Project("{54435603-DBB4-11D2-8724-00A0C9A8B90C}") = "PushBulletSender_Setup", "PushBulletSender_Setup\PushBulletSender_Setup.vdproj", "{78F3E547-59A7-44BE-BDC2-5C988B3FE41A}"
EndProject
Global
	GlobalSection(SolutionConfigurationPlatforms) = preSolution
		Debug|Any CPU = Debug|Any CPU
		Release|Any CPU = Release|Any CPU
	EndGlobalSection
	GlobalSection(ProjectConfigurationPlatforms) = postSolution
		{5DDC95CF-239F-4EA8-B4C2-61DCF515A53C}.Debug|Any CPU.ActiveCfg = Debug|Any CPU
		{5DDC95CF-239F-4EA8-B4C2-61DCF515A53C}.Debug|Any CPU.Build.0 = Debug|Any CPU
		{5DDC95CF-239F-4EA8-B4C2-61DCF515A53C}.Release|Any CPU.ActiveCfg = Release|Any CPU
		{5DDC95CF-239F-4EA8-B4C2-61DCF515A53C}.Release|Any CPU.Build.0 = Release|Any CPU
		{78F3E547-59A7-44BE-BDC2-5C988B3FE41A}.Debug|Any CPU.ActiveCfg = Debug
		{78F3E547-59A7-44BE-BDC2-5C988B3FE41A}.Release|Any CPU.ActiveCfg = Release
	EndGlobalSection
	GlobalSection(SolutionProperties) = preSolution
		HideSolutionNode = FALSE
	EndGlobalSection
	GlobalSection(ExtensibilityGlobals) = postSolution
		SolutionGuid = {F9572335-42CD-45F8-83BA-BCE8B7DF9261}
	EndGlobalSection
EndGlobal
